
Microsoft Visual Studio Solution File, Format Version 12.00
# Visual Studio 15
VisualStudioVersion = 15.0.27130.2003
MinimumVisualStudioVersion = 10.0.40219.1
Project("{FAE04EC0-301F-11D3-BF4B-00C04F79EFBC}") = "ConcurrentQueue", "ConcurrentQueue\ConcurrentQueue.csproj", "{609D1299-EA80-43A5-B883-939B5EB5E938}"
EndProject
Project("{FAE04EC0-301F-11D3-BF4B-00C04F79EFBC}") = "ConcurrentQueueTest", "ConcurrentQueueTest\ConcurrentQueueTest.csproj", "{BE2BC10D-B8EC-4A6E-80E7-35F85596590B}"
EndProject
Global
	GlobalSection(SolutionConfigurationPlatforms) = preSolution
		Debug|Any CPU = Debug|Any CPU
		Release|Any CPU = Release|Any CPU
	EndGlobalSection
	GlobalSection(ProjectConfigurationPlatforms) = postSolution
		{609D1299-EA80-43A5-B883-939B5EB5E938}.Debug|Any CPU.ActiveCfg = Debug|Any CPU
		{609D1299-EA80-43A5-B883-939B5EB5E938}.Debug|Any CPU.Build.0 = Debug|Any CPU
		{609D1299-EA80-43A5-B883-939B5EB5E938}.Release|Any CPU.ActiveCfg = Release|Any CPU
		{609D1299-EA80-43A5-B883-939B5EB5E938}.Release|Any CPU.Build.0 = Release|Any CPU
		{BE2BC10D-B8EC-4A6E-80E7-35F85596590B}.Debug|Any CPU.ActiveCfg = Debug|Any CPU
		{BE2BC10D-B8EC-4A6E-80E7-35F85596590B}.Debug|Any CPU.Build.0 = Debug|Any CPU
		{BE2BC10D-B8EC-4A6E-80E7-35F85596590B}.Release|Any CPU.ActiveCfg = Release|Any CPU
		{BE2BC10D-B8EC-4A6E-80E7-35F85596590B}.Release|Any CPU.Build.0 = Release|Any CPU
	EndGlobalSection
	GlobalSection(SolutionProperties) = preSolution
		HideSolutionNode = FALSE
	EndGlobalSection
	GlobalSection(ExtensibilityGlobals) = postSolution
		SolutionGuid = {447BEBDD-FBB2-4257-87F8-5094D079D492}
	EndGlobalSection
EndGlobal
